
Microsoft Visual Studio Solution File, Format Version 12.00
# Visual Studio 15
VisualStudioVersion = 15.0.27703.2035
MinimumVisualStudioVersion = 10.0.40219.1
Project("{FAE04EC0-301F-11D3-BF4B-00C04F79EFBC}") = "ResortPrices", "ResortPrices\ResortPrices.csproj", "{87D60C65-3D9C-42D2-92E0-13268374A5B1}"
EndProject
Global
	GlobalSection(SolutionConfigurationPlatforms) = preSolution
		Debug|Any CPU = Debug|Any CPU
		Release|Any CPU = Release|Any CPU
	EndGlobalSection
	GlobalSection(ProjectConfigurationPlatforms) = postSolution
		{87D60C65-3D9C-42D2-92E0-13268374A5B1}.Debug|Any CPU.ActiveCfg = Debug|Any CPU
		{87D60C65-3D9C-42D2-92E0-13268374A5B1}.Debug|Any CPU.Build.0 = Debug|Any CPU
		{87D60C65-3D9C-42D2-92E0-13268374A5B1}.Release|Any CPU.ActiveCfg = Release|Any CPU
		{87D60C65-3D9C-42D2-92E0-13268374A5B1}.Release|Any CPU.Build.0 = Release|Any CPU
	EndGlobalSection
	GlobalSection(SolutionProperties) = preSolution
		HideSolutionNode = FALSE
	EndGlobalSection
	GlobalSection(ExtensibilityGlobals) = postSolution
		SolutionGuid = {4D711ED4-334F-405D-9A98-1D8EB06C50CB}
	EndGlobalSection
EndGlobal
