
Microsoft Visual Studio Solution File, Format Version 12.00
# Visual Studio 15
VisualStudioVersion = 15.0.27703.2035
MinimumVisualStudioVersion = 10.0.40219.1
Project("{FAE04EC0-301F-11D3-BF4B-00C04F79EFBC}") = "TemperatureList", "TemperatureList\TemperatureList.csproj", "{C507F3F6-76A7-463E-BF95-2B3DC14D4344}"
EndProject
Global
	GlobalSection(SolutionConfigurationPlatforms) = preSolution
		Debug|Any CPU = Debug|Any CPU
		Release|Any CPU = Release|Any CPU
	EndGlobalSection
	GlobalSection(ProjectConfigurationPlatforms) = postSolution
		{C507F3F6-76A7-463E-BF95-2B3DC14D4344}.Debug|Any CPU.ActiveCfg = Debug|Any CPU
		{C507F3F6-76A7-463E-BF95-2B3DC14D4344}.Debug|Any CPU.Build.0 = Debug|Any CPU
		{C507F3F6-76A7-463E-BF95-2B3DC14D4344}.Release|Any CPU.ActiveCfg = Release|Any CPU
		{C507F3F6-76A7-463E-BF95-2B3DC14D4344}.Release|Any CPU.Build.0 = Release|Any CPU
	EndGlobalSection
	GlobalSection(SolutionProperties) = preSolution
		HideSolutionNode = FALSE
	EndGlobalSection
	GlobalSection(ExtensibilityGlobals) = postSolution
		SolutionGuid = {AFE76C3E-2F5D-4928-A03B-073B61EC9AB8}
	EndGlobalSection
EndGlobal
