
Microsoft Visual Studio Solution File, Format Version 12.00
# Visual Studio 15
VisualStudioVersion = 15.0.27703.2035
MinimumVisualStudioVersion = 10.0.40219.1
Project("{FAE04EC0-301F-11D3-BF4B-00C04F79EFBC}") = "SavingToAnArray", "SavingToAnArray\SavingToAnArray.csproj", "{F6B2816D-035E-4484-87E9-BAD800A62524}"
EndProject
Global
	GlobalSection(SolutionConfigurationPlatforms) = preSolution
		Debug|Any CPU = Debug|Any CPU
		Release|Any CPU = Release|Any CPU
	EndGlobalSection
	GlobalSection(ProjectConfigurationPlatforms) = postSolution
		{F6B2816D-035E-4484-87E9-BAD800A62524}.Debug|Any CPU.ActiveCfg = Debug|Any CPU
		{F6B2816D-035E-4484-87E9-BAD800A62524}.Debug|Any CPU.Build.0 = Debug|Any CPU
		{F6B2816D-035E-4484-87E9-BAD800A62524}.Release|Any CPU.ActiveCfg = Release|Any CPU
		{F6B2816D-035E-4484-87E9-BAD800A62524}.Release|Any CPU.Build.0 = Release|Any CPU
	EndGlobalSection
	GlobalSection(SolutionProperties) = preSolution
		HideSolutionNode = FALSE
	EndGlobalSection
	GlobalSection(ExtensibilityGlobals) = postSolution
		SolutionGuid = {C1A28FC3-1D8D-4EA6-827F-3ADEED865351}
	EndGlobalSection
EndGlobal
